// !$*UTF8*$!
{
	archiveVersion = 1;
	classes = {
	};
	objectVersion = 46;
	objects = {

/* Begin PBXBuildFile section */
		A8077AD41FA17F67009328DA /* main.m in Sources */ = {isa = PBXBuildFile; fileRef = A8077AD31FA17F67009328DA /* main.m */; };
		A8077AD71FA17F67009328DA /* AppDelegate.m in Sources */ = {isa = PBXBuildFile; fileRef = A8077AD61FA17F67009328DA /* AppDelegate.m */; };
		A8077ADA1FA17F67009328DA /* ViewController.m in Sources */ = {isa = PBXBuildFile; fileRef = A8077AD91FA17F67009328DA /* ViewController.m */; };
		A8077ADD1FA17F67009328DA /* Main.storyboard in Resources */ = {isa = PBXBuildFile; fileRef = A8077ADB1FA17F67009328DA /* Main.storyboard */; };
		A8077ADF1FA17F67009328DA /* Assets.xcassets in Resources */ = {isa = PBXBuildFile; fileRef = A8077ADE1FA17F67009328DA /* Assets.xcassets */; };
		A8077AE21FA17F67009328DA /* LaunchScreen.storyboard in Resources */ = {isa = PBXBuildFile; fileRef = A8077AE01FA17F67009328DA /* LaunchScreen.storyboard */; };
		A8077AED1FA17F67009328DA /* CommonProjectTests.m in Sources */ = {isa = PBXBuildFile; fileRef = A8077AEC1FA17F67009328DA /* CommonProjectTests.m */; };
		A8077AF81FA17F67009328DA /* CommonProjectUITests.m in Sources */ = {isa = PBXBuildFile; fileRef = A8077AF71FA17F67009328DA /* CommonProjectUITests.m */; };
/* End PBXBuildFile section */

/* Begin PBXContainerItemProxy section */
		A8077AE91FA17F67009328DA /* PBXContainerItemProxy */ = {
			isa = PBXContainerItemProxy;
			containerPortal = A8077AC71FA17F67009328DA /* Project object */;
			proxyType = 1;
			remoteGlobalIDString = A8077ACE1FA17F67009328DA;
			remoteInfo = CommonProject;
		};
		A8077AF41FA17F67009328DA /* PBXContainerItemProxy */ = {
			isa = PBXContainerItemProxy;
			containerPortal = A8077AC71FA17F67009328DA /* Project object */;
			proxyType = 1;
			remoteGlobalIDString = A8077ACE1FA17F67009328DA;
			remoteInfo = CommonProject;
		};
/* End PBXContainerItemProxy section */

/* Begin PBXFileReference section */
		A8077ACF1FA17F67009328DA /* CommonProject.app */ = {isa = PBXFileReference; explicitFileType = wrapper.application; includeInIndex = 0; path = CommonProject.app; sourceTree = BUILT_PRODUCTS_DIR; };
		A8077AD31FA17F67009328DA /* main.m */ = {isa = PBXFileReference; lastKnownFileType = sourcecode.c.objc; path = main.m; sourceTree = "<group>"; };
		A8077AD51FA17F67009328DA /* AppDelegate.h */ = {isa = PBXFileReference; lastKnownFileType = sourcecode.c.h; path = AppDelegate.h; sourceTree = "<group>"; };
		A8077AD61FA17F67009328DA /* AppDelegate.m */ = {isa = PBXFileReference; lastKnownFileType = sourcecode.c.objc; path = AppDelegate.m; sourceTree = "<group>"; };
		A8077AD81FA17F67009328DA /* ViewController.h */ = {isa = PBXFileReference; lastKnownFileType = sourcecode.c.h; path = ViewController.h; sourceTree = "<group>"; };
		A8077AD91FA17F67009328DA /* ViewController.m */ = {isa = PBXFileReference; lastKnownFileType = sourcecode.c.objc; path = ViewController.m; sourceTree = "<group>"; };
		A8077ADC1FA17F67009328DA /* Base */ = {isa = PBXFileReference; lastKnownFileType = file.storyboard; name = Base; path = Base.lproj/Main.storyboard; sourceTree = "<group>"; };
		A8077ADE1FA17F67009328DA /* Assets.xcassets */ = {isa = PBXFileReference; lastKnownFileType = folder.assetcatalog; path = Assets.xcassets; sourceTree = "<group>"; };
		A8077AE11FA17F67009328DA /* Base */ = {isa = PBXFileReference; lastKnownFileType = file.storyboard; name = Base; path = Base.lproj/LaunchScreen.storyboard; sourceTree = "<group>"; };
		A8077AE31FA17F67009328DA /* Info.plist */ = {isa = PBXFileReference; lastKnownFileType = text.plist.xml; path = Info.plist; sourceTree = "<group>"; };
		A8077AE81FA17F67009328DA /* CommonProjectTests.xctest */ = {isa = PBXFileReference; explicitFileType = wrapper.cfbundle; includeInIndex = 0; path = CommonProjectTests.xctest; sourceTree = BUILT_PRODUCTS_DIR; };
		A8077AEC1FA17F67009328DA /* CommonProjectTests.m */ = {isa = PBXFileReference; lastKnownFileType = sourcecode.c.objc; path = CommonProjectTests.m; sourceTree = "<group>"; };
		A8077AEE1FA17F67009328DA /* Info.plist */ = {isa = PBXFileReference; lastKnownFileType = text.plist.xml; path = Info.plist; sourceTree = "<group>"; };
		A8077AF31FA17F67009328DA /* CommonProjectUITests.xctest */ = {isa = PBXFileReference; explicitFileType = wrapper.cfbundle; includeInIndex = 0; path = CommonProjectUITests.xctest; sourceTree = BUILT_PRODUCTS_DIR; };
		A8077AF71FA17F67009328DA /* CommonProjectUITests.m */ = {isa = PBXFileReference; lastKnownFileType = sourcecode.c.objc; path = CommonProjectUITests.m; sourceTree = "<group>"; };
		A8077AF91FA17F67009328DA /* Info.plist */ = {isa = PBXFileReference; lastKnownFileType = text.plist.xml; path = Info.plist; sourceTree = "<group>"; };
/* End PBXFileReference section */

/* Begin PBXFrameworksBuildPhase section */
		A8077ACC1FA17F67009328DA /* Frameworks */ = {
			isa = PBXFrameworksBuildPhase;
			buildActionMask = 2147483647;
			files = (
			);
			runOnlyForDeploymentPostprocessing = 0;
		};
		A8077AE51FA17F67009328DA /* Frameworks */ = {
			isa = PBXFrameworksBuildPhase;
			buildActionMask = 2147483647;
			files = (
			);
			runOnlyForDeploymentPostprocessing = 0;
		};
		A8077AF01FA17F67009328DA /* Frameworks */ = {
			isa = PBXFrameworksBuildPhase;
			buildActionMask = 2147483647;
			files = (
			);
			runOnlyForDeploymentPostprocessing = 0;
		};
/* End PBXFrameworksBuildPhase section */

/* Begin PBXGroup section */
		A8077AC61FA17F67009328DA = {
			isa = PBXGroup;
			children = (
				A8077AD11FA17F67009328DA /* CommonProject */,
				A8077AEB1FA17F67009328DA /* CommonProjectTests */,
				A8077AF61FA17F67009328DA /* CommonProjectUITests */,
				A8077AD01FA17F67009328DA /* Products */,
			);
			sourceTree = "<group>";
		};
		A8077AD01FA17F67009328DA /* Products */ = {
			isa = PBXGroup;
			children = (
				A8077ACF1FA17F67009328DA /* CommonProject.app */,
				A8077AE81FA17F67009328DA /* CommonProjectTests.xctest */,
				A8077AF31FA17F67009328DA /* CommonProjectUITests.xctest */,
			);
			name = Products;
			sourceTree = "<group>";
		};
		A8077AD11FA17F67009328DA /* CommonProject */ = {
			isa = PBXGroup;
			children = (
				A8077AD51FA17F67009328DA /* AppDelegate.h */,
				A8077AD61FA17F67009328DA /* AppDelegate.m */,
				A8077AD81FA17F67009328DA /* ViewController.h */,
				A8077AD91FA17F67009328DA /* ViewController.m */,
				A8077ADB1FA17F67009328DA /* Main.storyboard */,
				A8077ADE1FA17F67009328DA /* Assets.xcassets */,
				A8077AE01FA17F67009328DA /* LaunchScreen.storyboard */,
				A8077AE31FA17F67009328DA /* Info.plist */,
				A8077AD21FA17F67009328DA /* Supporting Files */,
			);
			path = CommonProject;
			sourceTree = "<group>";
		};
		A8077AD21FA17F67009328DA /* Supporting Files */ = {
			isa = PBXGroup;
			children = (
				A8077AD31FA17F67009328DA /* main.m */,
			);
			name = "Supporting Files";
			sourceTree = "<group>";
		};
		A8077AEB1FA17F67009328DA /* CommonProjectTests */ = {
			isa = PBXGroup;
			children = (
				A8077AEC1FA17F67009328DA /* CommonProjectTests.m */,
				A8077AEE1FA17F67009328DA /* Info.plist */,
			);
			path = CommonProjectTests;
			sourceTree = "<group>";
		};
		A8077AF61FA17F67009328DA /* CommonProjectUITests */ = {
			isa = PBXGroup;
			children = (
				A8077AF71FA17F67009328DA /* CommonProjectUITests.m */,
				A8077AF91FA17F67009328DA /* Info.plist */,
			);
			path = CommonProjectUITests;
			sourceTree = "<group>";
		};
/* End PBXGroup section */

/* Begin PBXNativeTarget section */
		A8077ACE1FA17F67009328DA /* CommonProject */ = {
			isa = PBXNativeTarget;
			buildConfigurationList = A8077AFC1FA17F67009328DA /* Build configuration list for PBXNativeTarget "CommonProject" */;
			buildPhases = (
				A8077ACB1FA17F67009328DA /* Sources */,
				A8077ACC1FA17F67009328DA /* Frameworks */,
				A8077ACD1FA17F67009328DA /* Resources */,
			);
			buildRules = (
			);
			dependencies = (
			);
			name = CommonProject;
			productName = CommonProject;
			productReference = A8077ACF1FA17F67009328DA /* CommonProject.app */;
			productType = "com.apple.product-type.application";
		};
		A8077AE71FA17F67009328DA /* CommonProjectTests */ = {
			isa = PBXNativeTarget;
			buildConfigurationList = A8077AFF1FA17F67009328DA /* Build configuration list for PBXNativeTarget "CommonProjectTests" */;
			buildPhases = (
				A8077AE41FA17F67009328DA /* Sources */,
				A8077AE51FA17F67009328DA /* Frameworks */,
				A8077AE61FA17F67009328DA /* Resources */,
			);
			buildRules = (
			);
			dependencies = (
				A8077AEA1FA17F67009328DA /* PBXTargetDependency */,
			);
			name = CommonProjectTests;
			productName = CommonProjectTests;
			productReference = A8077AE81FA17F67009328DA /* CommonProjectTests.xctest */;
			productType = "com.apple.product-type.bundle.unit-test";
		};
		A8077AF21FA17F67009328DA /* CommonProjectUITests */ = {
			isa = PBXNativeTarget;
			buildConfigurationList = A8077B021FA17F67009328DA /* Build configuration list for PBXNativeTarget "CommonProjectUITests" */;
			buildPhases = (
				A8077AEF1FA17F67009328DA /* Sources */,
				A8077AF01FA17F67009328DA /* Frameworks */,
				A8077AF11FA17F67009328DA /* Resources */,
			);
			buildRules = (
			);
			dependencies = (
				A8077AF51FA17F67009328DA /* PBXTargetDependency */,
			);
			name = CommonProjectUITests;
			productName = CommonProjectUITests;
			productReference = A8077AF31FA17F67009328DA /* CommonProjectUITests.xctest */;
			productType = "com.apple.product-type.bundle.ui-testing";
		};
/* End PBXNativeTarget section */

/* Begin PBXProject section */
		A8077AC71FA17F67009328DA /* Project object */ = {
			isa = PBXProject;
			attributes = {
				LastUpgradeCheck = 0830;
				ORGANIZATIONNAME = "曾祥宪";
				TargetAttributes = {
					A8077ACE1FA17F67009328DA = {
						CreatedOnToolsVersion = 8.3.3;
						DevelopmentTeam = U5QMXY6U8Y;
						ProvisioningStyle = Automatic;
					};
					A8077AE71FA17F67009328DA = {
						CreatedOnToolsVersion = 8.3.3;
						DevelopmentTeam = U5QMXY6U8Y;
						ProvisioningStyle = Automatic;
						TestTargetID = A8077ACE1FA17F67009328DA;
					};
					A8077AF21FA17F67009328DA = {
						CreatedOnToolsVersion = 8.3.3;
						DevelopmentTeam = U5QMXY6U8Y;
						ProvisioningStyle = Automatic;
						TestTargetID = A8077ACE1FA17F67009328DA;
					};
				};
			};
			buildConfigurationList = A8077ACA1FA17F67009328DA /* Build configuration list for PBXProject "CommonProject" */;
			compatibilityVersion = "Xcode 3.2";
			developmentRegion = English;
			hasScannedForEncodings = 0;
			knownRegions = (
				en,
				Base,
			);
			mainGroup = A8077AC61FA17F67009328DA;
			productRefGroup = A8077AD01FA17F67009328DA /* Products */;
			projectDirPath = "";
			projectRoot = "";
			targets = (
				A8077ACE1FA17F67009328DA /* CommonProject */,
				A8077AE71FA17F67009328DA /* CommonProjectTests */,
				A8077AF21FA17F67009328DA /* CommonProjectUITests */,
			);
		};
/* End PBXProject section */

/* Begin PBXResourcesBuildPhase section */
		A8077ACD1FA17F67009328DA /* Resources */ = {
			isa = PBXResourcesBuildPhase;
			buildActionMask = 2147483647;
			files = (
				A8077AE21FA17F67009328DA /* LaunchScreen.storyboard in Resources */,
				A8077ADF1FA17F67009328DA /* Assets.xcassets in Resources */,
				A8077ADD1FA17F67009328DA /* Main.storyboard in Resources */,
			);
			runOnlyForDeploymentPostprocessing = 0;
		};
		A8077AE61FA17F67009328DA /* Resources */ = {
			isa = PBXResourcesBuildPhase;
			buildActionMask = 2147483647;
			files = (
			);
			runOnlyForDeploymentPostprocessing = 0;
		};
		A8077AF11FA17F67009328DA /* Resources */ = {
			isa = PBXResourcesBuildPhase;
			buildActionMask = 2147483647;
			files = (
			);
			runOnlyForDeploymentPostprocessing = 0;
		};
/* End PBXResourcesBuildPhase section */

/* Begin PBXSourcesBuildPhase section */
		A8077ACB1FA17F67009328DA /* Sources */ = {
			isa = PBXSourcesBuildPhase;
			buildActionMask = 2147483647;
			files = (
				A8077ADA1FA17F67009328DA /* ViewController.m in Sources */,
				A8077AD71FA17F67009328DA /* AppDelegate.m in Sources */,
				A8077AD41FA17F67009328DA /* main.m in Sources */,
			);
			runOnlyForDeploymentPostprocessing = 0;
		};
		A8077AE41FA17F67009328DA /* Sources */ = {
			isa = PBXSourcesBuildPhase;
			buildActionMask = 2147483647;
			files = (
				A8077AED1FA17F67009328DA /* CommonProjectTests.m in Sources */,
			);
			runOnlyForDeploymentPostprocessing = 0;
		};
		A8077AEF1FA17F67009328DA /* Sources */ = {
			isa = PBXSourcesBuildPhase;
			buildActionMask = 2147483647;
			files = (
				A8077AF81FA17F67009328DA /* CommonProjectUITests.m in Sources */,
			);
			runOnlyForDeploymentPostprocessing = 0;
		};
/* End PBXSourcesBuildPhase section */

/* Begin PBXTargetDependency section */
		A8077AEA1FA17F67009328DA /* PBXTargetDependency */ = {
			isa = PBXTargetDependency;
			target = A8077ACE1FA17F67009328DA /* CommonProject */;
			targetProxy = A8077AE91FA17F67009328DA /* PBXContainerItemProxy */;
		};
		A8077AF51FA17F67009328DA /* PBXTargetDependency */ = {
			isa = PBXTargetDependency;
			target = A8077ACE1FA17F67009328DA /* CommonProject */;
			targetProxy = A8077AF41FA17F67009328DA /* PBXContainerItemProxy */;
		};
/* End PBXTargetDependency section */

/* Begin PBXVariantGroup section */
		A8077ADB1FA17F67009328DA /* Main.storyboard */ = {
			isa = PBXVariantGroup;
			children = (
				A8077ADC1FA17F67009328DA /* Base */,
			);
			name = Main.storyboard;
			sourceTree = "<group>";
		};
		A8077AE01FA17F67009328DA /* LaunchScreen.storyboard */ = {
			isa = PBXVariantGroup;
			children = (
				A8077AE11FA17F67009328DA /* Base */,
			);
			name = LaunchScreen.storyboard;
			sourceTree = "<group>";
		};
/* End PBXVariantGroup section */

/* Begin XCBuildConfiguration section */
		A8077AFA1FA17F67009328DA /* Debug */ = {
			isa = XCBuildConfiguration;
			buildSettings = {
				ALWAYS_SEARCH_USER_PATHS = NO;
				CLANG_ANALYZER_NONNULL = YES;
				CLANG_ANALYZER_NUMBER_OBJECT_CONVERSION = YES_AGGRESSIVE;
				CLANG_CXX_LANGUAGE_STANDARD = "gnu++0x";
				CLANG_CXX_LIBRARY = "libc++";
				CLANG_ENABLE_MODULES = YES;
				CLANG_ENABLE_OBJC_ARC = YES;
				CLANG_WARN_BOOL_CONVERSION = YES;
				CLANG_WARN_CONSTANT_CONVERSION = YES;
				CLANG_WARN_DIRECT_OBJC_ISA_USAGE = YES_ERROR;
				CLANG_WARN_DOCUMENTATION_COMMENTS = YES;
				CLANG_WARN_EMPTY_BODY = YES;
				CLANG_WARN_ENUM_CONVERSION = YES;
				CLANG_WARN_INFINITE_RECURSION = YES;
				CLANG_WARN_INT_CONVERSION = YES;
				CLANG_WARN_OBJC_ROOT_CLASS = YES_ERROR;
				CLANG_WARN_SUSPICIOUS_MOVE = YES;
				CLANG_WARN_UNREACHABLE_CODE = YES;
				CLANG_WARN__DUPLICATE_METHOD_MATCH = YES;
				"CODE_SIGN_IDENTITY[sdk=iphoneos*]" = "iPhone Developer";
				COPY_PHASE_STRIP = NO;
				DEBUG_INFORMATION_FORMAT = dwarf;
				ENABLE_STRICT_OBJC_MSGSEND = YES;
				ENABLE_TESTABILITY = YES;
				GCC_C_LANGUAGE_STANDARD = gnu99;
				GCC_DYNAMIC_NO_PIC = NO;
				GCC_NO_COMMON_BLOCKS = YES;
				GCC_OPTIMIZATION_LEVEL = 0;
				GCC_PREPROCESSOR_DEFINITIONS = (
					"DEBUG=1",
					"$(inherited)",
				);
				GCC_WARN_64_TO_32_BIT_CONVERSION = YES;
				GCC_WARN_ABOUT_RETURN_TYPE = YES_ERROR;
				GCC_WARN_UNDECLARED_SELECTOR = YES;
				GCC_WARN_UNINITIALIZED_AUTOS = YES_AGGRESSIVE;
				GCC_WARN_UNUSED_FUNCTION = YES;
				GCC_WARN_UNUSED_VARIABLE = YES;
				IPHONEOS_DEPLOYMENT_TARGET = 10.3;
				MTL_ENABLE_DEBUG_INFO = YES;
				ONLY_ACTIVE_ARCH = YES;
				SDKROOT = iphoneos;
			};
			name = Debug;
		};
		A8077AFB1FA17F67009328DA /* Release */ = {
			isa = XCBuildConfiguration;
			buildSettings = {
				ALWAYS_SEARCH_USER_PATHS = NO;
				CLANG_ANALYZER_NONNULL = YES;
				CLANG_ANALYZER_NUMBER_OBJECT_CONVERSION = YES_AGGRESSIVE;
				CLANG_CXX_LANGUAGE_STANDARD = "gnu++0x";
				CLANG_CXX_LIBRARY = "libc++";
				CLANG_ENABLE_MODULES = YES;
				CLANG_ENABLE_OBJC_ARC = YES;
				CLANG_WARN_BOOL_CONVERSION = YES;
				CLANG_WARN_CONSTANT_CONVERSION = YES;
				CLANG_WARN_DIRECT_OBJC_ISA_USAGE = YES_ERROR;
				CLANG_WARN_DOCUMENTATION_COMMENTS = YES;
				CLANG_WARN_EMPTY_BODY = YES;
				CLANG_WARN_ENUM_CONVERSION = YES;
				CLANG_WARN_INFINITE_RECURSION = YES;
				CLANG_WARN_INT_CONVERSION = YES;
				CLANG_WARN_OBJC_ROOT_CLASS = YES_ERROR;
				CLANG_WARN_SUSPICIOUS_MOVE = YES;
				CLANG_WARN_UNREACHABLE_CODE = YES;
				CLANG_WARN__DUPLICATE_METHOD_MATCH = YES;
				"CODE_SIGN_IDENTITY[sdk=iphoneos*]" = "iPhone Developer";
				COPY_PHASE_STRIP = NO;
				DEBUG_INFORMATION_FORMAT = "dwarf-with-dsym";
				ENABLE_NS_ASSERTIONS = NO;
				ENABLE_STRICT_OBJC_MSGSEND = YES;
				GCC_C_LANGUAGE_STANDARD = gnu99;
				GCC_NO_COMMON_BLOCKS = YES;
				GCC_WARN_64_TO_32_BIT_CONVERSION = YES;
				GCC_WARN_ABOUT_RETURN_TYPE = YES_ERROR;
				GCC_WARN_UNDECLARED_SELECTOR = YES;
				GCC_WARN_UNINITIALIZED_AUTOS = YES_AGGRESSIVE;
				GCC_WARN_UNUSED_FUNCTION = YES;
				GCC_WARN_UNUSED_VARIABLE = YES;
				IPHONEOS_DEPLOYMENT_TARGET = 10.3;
				MTL_ENABLE_DEBUG_INFO = NO;
				SDKROOT = iphoneos;
				VALIDATE_PRODUCT = YES;
			};
			name = Release;
		};
		A8077AFD1FA17F67009328DA /* Debug */ = {
			isa = XCBuildConfiguration;
			buildSettings = {
				ASSETCATALOG_COMPILER_APPICON_NAME = AppIcon;
				DEVELOPMENT_TEAM = U5QMXY6U8Y;
				INFOPLIST_FILE = CommonProject/Info.plist;
				LD_RUNPATH_SEARCH_PATHS = "$(inherited) @executable_path/Frameworks";
				PRODUCT_BUNDLE_IDENTIFIER = com.hzad.CommonProject;
				PRODUCT_NAME = "$(TARGET_NAME)";
			};
			name = Debug;
		};
		A8077AFE1FA17F67009328DA /* Release */ = {
			isa = XCBuildConfiguration;
			buildSettings = {
				ASSETCATALOG_COMPILER_APPICON_NAME = AppIcon;
				DEVELOPMENT_TEAM = U5QMXY6U8Y;
				INFOPLIST_FILE = CommonProject/Info.plist;
				LD_RUNPATH_SEARCH_PATHS = "$(inherited) @executable_path/Frameworks";
				PRODUCT_BUNDLE_IDENTIFIER = com.hzad.CommonProject;
				PRODUCT_NAME = "$(TARGET_NAME)";
			};
			name = Release;
		};
		A8077B001FA17F67009328DA /* Debug */ = {
			isa = XCBuildConfiguration;
			buildSettings = {
				BUNDLE_LOADER = "$(TEST_HOST)";
				DEVELOPMENT_TEAM = U5QMXY6U8Y;
				INFOPLIST_FILE = CommonProjectTests/Info.plist;
				LD_RUNPATH_SEARCH_PATHS = "$(inherited) @executable_path/Frameworks @loader_path/Frameworks";
				PRODUCT_BUNDLE_IDENTIFIER = com.hzad.CommonProjectTests;
				PRODUCT_NAME = "$(TARGET_NAME)";
				TEST_HOST = "$(BUILT_PRODUCTS_DIR)/CommonProject.app/CommonProject";
			};
			name = Debug;
		};
		A8077B011FA17F67009328DA /* Release */ = {
			isa = XCBuildConfiguration;
			buildSettings = {
				BUNDLE_LOADER = "$(TEST_HOST)";
				DEVELOPMENT_TEAM = U5QMXY6U8Y;
				INFOPLIST_FILE = CommonProjectTests/Info.plist;
				LD_RUNPATH_SEARCH_PATHS = "$(inherited) @executable_path/Frameworks @loader_path/Frameworks";
				PRODUCT_BUNDLE_IDENTIFIER = com.hzad.CommonProjectTests;
				PRODUCT_NAME = "$(TARGET_NAME)";
				TEST_HOST = "$(BUILT_PRODUCTS_DIR)/CommonProject.app/CommonProject";
			};
			name = Release;
		};
		A8077B031FA17F67009328DA /* Debug */ = {
			isa = XCBuildConfiguration;
			buildSettings = {
				DEVELOPMENT_TEAM = U5QMXY6U8Y;
				INFOPLIST_FILE = CommonProjectUITests/Info.plist;
				LD_RUNPATH_SEARCH_PATHS = "$(inherited) @executable_path/Frameworks @loader_path/Frameworks";
				PRODUCT_BUNDLE_IDENTIFIER = com.hzad.CommonProjectUITests;
				PRODUCT_NAME = "$(TARGET_NAME)";
				TEST_TARGET_NAME = CommonProject;
			};
			name = Debug;
		};
		A8077B041FA17F67009328DA /* Release */ = {
			isa = XCBuildConfiguration;
			buildSettings = {
				DEVELOPMENT_TEAM = U5QMXY6U8Y;
				INFOPLIST_FILE = CommonProjectUITests/Info.plist;
				LD_RUNPATH_SEARCH_PATHS = "$(inherited) @executable_path/Frameworks @loader_path/Frameworks";
				PRODUCT_BUNDLE_IDENTIFIER = com.hzad.CommonProjectUITests;
				PRODUCT_NAME = "$(TARGET_NAME)";
				TEST_TARGET_NAME = CommonProject;
			};
			name = Release;
		};
/* End XCBuildConfiguration section */

/* Begin XCConfigurationList section */
		A8077ACA1FA17F67009328DA /* Build configuration list for PBXProject "CommonProject" */ = {
			isa = XCConfigurationList;
			buildConfigurations = (
				A8077AFA1FA17F67009328DA /* Debug */,
				A8077AFB1FA17F67009328DA /* Release */,
			);
			defaultConfigurationIsVisible = 0;
			defaultConfigurationName = Release;
		};
		A8077AFC1FA17F67009328DA /* Build configuration list for PBXNativeTarget "CommonProject" */ = {
			isa = XCConfigurationList;
			buildConfigurations = (
				A8077AFD1FA17F67009328DA /* Debug */,
				A8077AFE1FA17F67009328DA /* Release */,
			);
			defaultConfigurationIsVisible = 0;
		};
		A8077AFF1FA17F67009328DA /* Build configuration list for PBXNativeTarget "CommonProjectTests" */ = {
			isa = XCConfigurationList;
			buildConfigurations = (
				A8077B001FA17F67009328DA /* Debug */,
				A8077B011FA17F67009328DA /* Release */,
			);
			defaultConfigurationIsVisible = 0;
		};
		A8077B021FA17F67009328DA /* Build configuration list for PBXNativeTarget "CommonProjectUITests" */ = {
			isa = XCConfigurationList;
			buildConfigurations = (
				A8077B031FA17F67009328DA /* Debug */,
				A8077B041FA17F67009328DA /* Release */,
			);
			defaultConfigurationIsVisible = 0;
		};
/* End XCConfigurationList section */
	};
	rootObject = A8077AC71FA17F67009328DA /* Project object */;
}
